
Microsoft Visual Studio Solution File, Format Version 12.00
# Visual Studio Version 17
VisualStudioVersion = 17.8.34511.84
MinimumVisualStudioVersion = 10.0.40219.1
Project("{FAE04EC0-301F-11D3-BF4B-00C04F79EFBC}") = "EmployeeApp", "EmployeeApp\EmployeeApp.csproj", "{3D4F9AD6-7156-49EA-8999-CB451B184918}"
EndProject
Global
	GlobalSection(SolutionConfigurationPlatforms) = preSolution
		Debug|Any CPU = Debug|Any CPU
		Release|Any CPU = Release|Any CPU
	EndGlobalSection
	GlobalSection(ProjectConfigurationPlatforms) = postSolution
		{3D4F9AD6-7156-49EA-8999-CB451B184918}.Debug|Any CPU.ActiveCfg = Debug|Any CPU
		{3D4F9AD6-7156-49EA-8999-CB451B184918}.Debug|Any CPU.Build.0 = Debug|Any CPU
		{3D4F9AD6-7156-49EA-8999-CB451B184918}.Debug|Any CPU.Deploy.0 = Debug|Any CPU
		{3D4F9AD6-7156-49EA-8999-CB451B184918}.Release|Any CPU.ActiveCfg = Release|Any CPU
		{3D4F9AD6-7156-49EA-8999-CB451B184918}.Release|Any CPU.Build.0 = Release|Any CPU
		{3D4F9AD6-7156-49EA-8999-CB451B184918}.Release|Any CPU.Deploy.0 = Release|Any CPU
	EndGlobalSection
	GlobalSection(SolutionProperties) = preSolution
		HideSolutionNode = FALSE
	EndGlobalSection
	GlobalSection(ExtensibilityGlobals) = postSolution
		SolutionGuid = {336E9C30-7055-49A1-8C75-5C0C6D6D3725}
	EndGlobalSection
EndGlobal
